
Microsoft Visual Studio Solution File, Format Version 12.00
# Visual Studio Version 17
VisualStudioVersion = 17.6.33829.357
MinimumVisualStudioVersion = 10.0.40219.1
Project("{FAE04EC0-301F-11D3-BF4B-00C04F79EFBC}") = "labo2", "labo2.csproj", "{4C6286E1-D5D9-4E65-B7F2-F230989E56C5}"
EndProject
Global
	GlobalSection(SolutionConfigurationPlatforms) = preSolution
		Debug|Any CPU = Debug|Any CPU
		Release|Any CPU = Release|Any CPU
	EndGlobalSection
	GlobalSection(ProjectConfigurationPlatforms) = postSolution
		{4C6286E1-D5D9-4E65-B7F2-F230989E56C5}.Debug|Any CPU.ActiveCfg = Debug|Any CPU
		{4C6286E1-D5D9-4E65-B7F2-F230989E56C5}.Debug|Any CPU.Build.0 = Debug|Any CPU
		{4C6286E1-D5D9-4E65-B7F2-F230989E56C5}.Release|Any CPU.ActiveCfg = Release|Any CPU
		{4C6286E1-D5D9-4E65-B7F2-F230989E56C5}.Release|Any CPU.Build.0 = Release|Any CPU
	EndGlobalSection
	GlobalSection(SolutionProperties) = preSolution
		HideSolutionNode = FALSE
	EndGlobalSection
	GlobalSection(ExtensibilityGlobals) = postSolution
		SolutionGuid = {84BCE074-72D0-4036-A45E-A7346B260103}
	EndGlobalSection
EndGlobal
